
Microsoft Visual Studio Solution File, Format Version 10.00
# Visual C++ Express 2008
Project("{8BC9CEB8-8B4A-11D0-8D11-00A0C91BC942}") = "inheritance", "inheritance\inheritance.vcproj", "{34574E3A-24A7-44BA-ADBC-99AF4B2AE3A1}"
EndProject
Global
	GlobalSection(SolutionConfigurationPlatforms) = preSolution
		Debug|Win32 = Debug|Win32
		Release|Win32 = Release|Win32
	EndGlobalSection
	GlobalSection(ProjectConfigurationPlatforms) = postSolution
		{34574E3A-24A7-44BA-ADBC-99AF4B2AE3A1}.Debug|Win32.ActiveCfg = Debug|Win32
		{34574E3A-24A7-44BA-ADBC-99AF4B2AE3A1}.Debug|Win32.Build.0 = Debug|Win32
		{34574E3A-24A7-44BA-ADBC-99AF4B2AE3A1}.Release|Win32.ActiveCfg = Release|Win32
		{34574E3A-24A7-44BA-ADBC-99AF4B2AE3A1}.Release|Win32.Build.0 = Release|Win32
	EndGlobalSection
	GlobalSection(SolutionProperties) = preSolution
		HideSolutionNode = FALSE
	EndGlobalSection
EndGlobal
